
Microsoft Visual Studio Solution File, Format Version 12.00
# Visual Studio 15
VisualStudioVersion = 15.0.27703.2018
MinimumVisualStudioVersion = 10.0.40219.1
Project("{FAE04EC0-301F-11D3-BF4B-00C04F79EFBC}") = "MemoChecker", "MemoChecker\MemoChecker.csproj", "{E377AC58-FAC3-48CE-958D-0AF640EB8176}"
EndProject
Global
	GlobalSection(SolutionConfigurationPlatforms) = preSolution
		Debug|Any CPU = Debug|Any CPU
		Release|Any CPU = Release|Any CPU
	EndGlobalSection
	GlobalSection(ProjectConfigurationPlatforms) = postSolution
		{E377AC58-FAC3-48CE-958D-0AF640EB8176}.Debug|Any CPU.ActiveCfg = Debug|Any CPU
		{E377AC58-FAC3-48CE-958D-0AF640EB8176}.Debug|Any CPU.Build.0 = Debug|Any CPU
		{E377AC58-FAC3-48CE-958D-0AF640EB8176}.Release|Any CPU.ActiveCfg = Release|Any CPU
		{E377AC58-FAC3-48CE-958D-0AF640EB8176}.Release|Any CPU.Build.0 = Release|Any CPU
	EndGlobalSection
	GlobalSection(SolutionProperties) = preSolution
		HideSolutionNode = FALSE
	EndGlobalSection
	GlobalSection(ExtensibilityGlobals) = postSolution
		SolutionGuid = {2B861248-2BDA-4384-A8A2-B1E4ECD74FA5}
	EndGlobalSection
EndGlobal
